github.com/softlandia/cpd v1.0.0 h1:qSo+w5eGza466YoM3l/fmqAbZIeN7h6NnPgLRx35xAM=
github.com/softlandia/cpd v1.0.0/go.mod h1:LcHy4FZYolw1FpyNAiwI1dblei1AGBBF2FpD1+L9Iqg=
golang.org/x/text v0.3.7 h1:olpwvP2KacW1ZWvsR7uQhoyTYvKAupfQrRGBFM352Gk=
golang.org/x/text v0.3.7/go.mod h1:u+2+/6zg+i71rQMx5EYifcz6MCKuco9NR6JIITiCfzQ=
golang.org/x/text v0.22.0 h1:bofq7m3/HAFvbF51jz3Q9wLg3jkvSPuiZu/pD1XwgtM=
golang.org/x/text v0.22.0/go.mod h1:YRoo4H8PVmsu+E3Ou7cqLVH8oXWIHVoX0jqUWALQhfY=
